
Microsoft Visual Studio Solution File, Format Version 12.00
# Visual Studio Version 17
VisualStudioVersion = 17.1.32328.378
MinimumVisualStudioVersion = 10.0.40219.1
Project("{FAE04EC0-301F-11D3-BF4B-00C04F79EFBC}") = "DiferençaDeProduto", "DiferençaDeProduto\DiferençaDeProduto.csproj", "{4C284EBB-4CF4-43D5-B7FC-D62E2210816B}"
EndProject
Global
	GlobalSection(SolutionConfigurationPlatforms) = preSolution
		Debug|Any CPU = Debug|Any CPU
		Release|Any CPU = Release|Any CPU
	EndGlobalSection
	GlobalSection(ProjectConfigurationPlatforms) = postSolution
		{4C284EBB-4CF4-43D5-B7FC-D62E2210816B}.Debug|Any CPU.ActiveCfg = Debug|Any CPU
		{4C284EBB-4CF4-43D5-B7FC-D62E2210816B}.Debug|Any CPU.Build.0 = Debug|Any CPU
		{4C284EBB-4CF4-43D5-B7FC-D62E2210816B}.Release|Any CPU.ActiveCfg = Release|Any CPU
		{4C284EBB-4CF4-43D5-B7FC-D62E2210816B}.Release|Any CPU.Build.0 = Release|Any CPU
	EndGlobalSection
	GlobalSection(SolutionProperties) = preSolution
		HideSolutionNode = FALSE
	EndGlobalSection
	GlobalSection(ExtensibilityGlobals) = postSolution
		SolutionGuid = {5F5030F1-2C7B-476C-9482-1752069B889E}
	EndGlobalSection
EndGlobal
